
Microsoft Visual Studio Solution File, Format Version 12.00
# Visual Studio Version 16
VisualStudioVersion = 16.0.30114.105
MinimumVisualStudioVersion = 10.0.40219.1
Project("{FAE04EC0-301F-11D3-BF4B-00C04F79EFBC}") = "blazor-supermarket", "src\blazor-supermarket.csproj", "{A35533EC-1FC2-4650-B77E-B6868A706B01}"
EndProject
Global
	GlobalSection(SolutionConfigurationPlatforms) = preSolution
		Debug|Any CPU = Debug|Any CPU
		Release|Any CPU = Release|Any CPU
	EndGlobalSection
	GlobalSection(SolutionProperties) = preSolution
		HideSolutionNode = FALSE
	EndGlobalSection
	GlobalSection(ProjectConfigurationPlatforms) = postSolution
		{A35533EC-1FC2-4650-B77E-B6868A706B01}.Debug|Any CPU.ActiveCfg = Debug|Any CPU
		{A35533EC-1FC2-4650-B77E-B6868A706B01}.Debug|Any CPU.Build.0 = Debug|Any CPU
		{A35533EC-1FC2-4650-B77E-B6868A706B01}.Release|Any CPU.ActiveCfg = Release|Any CPU
		{A35533EC-1FC2-4650-B77E-B6868A706B01}.Release|Any CPU.Build.0 = Release|Any CPU
	EndGlobalSection
EndGlobal
